github.com/ebitengine/purego v0.7.1 h1:6/55d26lG3o9VCZX8lping+bZcmShseiqlh2bnUDiPA=
github.com/ebitengine/purego v0.7.1/go.mod h1:ah1In8AOtksoNK6yk5z1HTJeUkC1Ez4Wk2idgGslMwQ=
github.com/jupiterrider/ffi v0.1.0 h1:OI6ZHZJW1Io1PcfqGeLk/CBLj+//8aNdOuo558ykQQo=
github.com/jupiterrider/ffi v0.1.0/go.mod h1:tyr9EitV+PW99I6137IDwdO6ZzNyFp/noXNSfU3OYqk=
golang.org/x/sys v0.24.0 h1:Twjiwq9dn6R1fQcyiK+wQyHWfaz/BJB+YIpzU/Cv3Xg=
golang.org/x/sys v0.24.0/go.mod h1:/VUhepiaJMQUp4+oa/7Zr1D23ma6VTLIYjOOTFZPUcA=
