# This file is @generated by PDM.
# It is not intended for manual editing.

[metadata]
groups = ["default", "check", "bin"]
strategy = ["cross_platform", "inherit_metadata"]
lock_version = "4.4.1"
content_hash = "sha256:d0b0a3dc8c7f6ba717fcaf5e9260305709f756738ddbc67571e89cf1010ffcdf"

[[package]]
name = "jinja2"
version = "3.1.3"
requires_python = ">=3.7"
summary = "A very fast and expressive template engine."
groups = ["bin"]
dependencies = [
    "MarkupSafe>=2.0",
]
files = [
    {file = "Jinja2-3.1.3-py3-none-any.whl", hash = "sha256:7d6d50dd97d52cbc355597bd845fabfbac3f551e1f99619e39a35ce8c370b5fa"},
    {file = "Jinja2-3.1.3.tar.gz", hash = "sha256:ac8bd6544d4bb2c9792bf3a159e80bba8fda7f07e81bc3aed565432d5925ba90"},
]

[[package]]
name = "markupsafe"
version = "2.1.5"
requires_python = ">=3.7"
summary = "Safely add untrusted strings to HTML/XML markup."
groups = ["bin"]
files = [
    {file = "MarkupSafe-2.1.5-cp312-cp312-macosx_10_9_universal2.whl", hash = "sha256:8dec4936e9c3100156f8a2dc89c4b88d5c435175ff03413b443469c7c8c5f4d1"},
    {file = "MarkupSafe-2.1.5-cp312-cp312-macosx_10_9_x86_64.whl", hash = "sha256:3c6b973f22eb18a789b1460b4b91bf04ae3f0c4234a0a6aa6b0a92f6f7b951d4"},
    {file = "MarkupSafe-2.1.5-cp312-cp312-manylinux_2_17_aarch64.manylinux2014_aarch64.whl", hash = "sha256:ac07bad82163452a6884fe8fa0963fb98c2346ba78d779ec06bd7a6262132aee"},
    {file = "MarkupSafe-2.1.5-cp312-cp312-manylinux_2_17_x86_64.manylinux2014_x86_64.whl", hash = "sha256:f5dfb42c4604dddc8e4305050aa6deb084540643ed5804d7455b5df8fe16f5e5"},
    {file = "MarkupSafe-2.1.5-cp312-cp312-manylinux_2_5_i686.manylinux1_i686.manylinux_2_17_i686.manylinux2014_i686.whl", hash = "sha256:ea3d8a3d18833cf4304cd2fc9cbb1efe188ca9b5efef2bdac7adc20594a0e46b"},
    {file = "MarkupSafe-2.1.5-cp312-cp312-musllinux_1_1_aarch64.whl", hash = "sha256:d050b3361367a06d752db6ead6e7edeb0009be66bc3bae0ee9d97fb326badc2a"},
    {file = "MarkupSafe-2.1.5-cp312-cp312-musllinux_1_1_i686.whl", hash = "sha256:bec0a414d016ac1a18862a519e54b2fd0fc8bbfd6890376898a6c0891dd82e9f"},
    {file = "MarkupSafe-2.1.5-cp312-cp312-musllinux_1_1_x86_64.whl", hash = "sha256:58c98fee265677f63a4385256a6d7683ab1832f3ddd1e66fe948d5880c21a169"},
    {file = "MarkupSafe-2.1.5-cp312-cp312-win32.whl", hash = "sha256:8590b4ae07a35970728874632fed7bd57b26b0102df2d2b233b6d9d82f6c62ad"},
    {file = "MarkupSafe-2.1.5-cp312-cp312-win_amd64.whl", hash = "sha256:823b65d8706e32ad2df51ed89496147a42a2a6e01c13cfb6ffb8b1e92bc910bb"},
    {file = "MarkupSafe-2.1.5.tar.gz", hash = "sha256:d283d37a890ba4c1ae73ffadf8046435c76e7bc2247bbb63c00bd1a709c6544b"},
]

[[package]]
name = "mypy"
version = "1.9.0"
requires_python = ">=3.8"
summary = "Optional static typing for Python"
groups = ["check"]
dependencies = [
    "mypy-extensions>=1.0.0",
    "typing-extensions>=4.1.0",
]
files = [
    {file = "mypy-1.9.0-cp312-cp312-macosx_10_9_x86_64.whl", hash = "sha256:aceb1db093b04db5cd390821464504111b8ec3e351eb85afd1433490163d60cd"},
    {file = "mypy-1.9.0-cp312-cp312-macosx_11_0_arm64.whl", hash = "sha256:0235391f1c6f6ce487b23b9dbd1327b4ec33bb93934aa986efe8a9563d9349e6"},
    {file = "mypy-1.9.0-cp312-cp312-manylinux_2_17_x86_64.manylinux2014_x86_64.whl", hash = "sha256:d4d5ddc13421ba3e2e082a6c2d74c2ddb3979c39b582dacd53dd5d9431237185"},
    {file = "mypy-1.9.0-cp312-cp312-musllinux_1_1_x86_64.whl", hash = "sha256:190da1ee69b427d7efa8aa0d5e5ccd67a4fb04038c380237a0d96829cb157913"},
    {file = "mypy-1.9.0-cp312-cp312-win_amd64.whl", hash = "sha256:fe28657de3bfec596bbeef01cb219833ad9d38dd5393fc649f4b366840baefe6"},
    {file = "mypy-1.9.0-py3-none-any.whl", hash = "sha256:a260627a570559181a9ea5de61ac6297aa5af202f06fd7ab093ce74e7181e43e"},
    {file = "mypy-1.9.0.tar.gz", hash = "sha256:3cc5da0127e6a478cddd906068496a97a7618a21ce9b54bde5bf7e539c7af974"},
]

[[package]]
name = "mypy-extensions"
version = "1.0.0"
requires_python = ">=3.5"
summary = "Type system extensions for programs checked with the mypy type checker."
groups = ["check"]
files = [
    {file = "mypy_extensions-1.0.0-py3-none-any.whl", hash = "sha256:4392f6c0eb8a5668a69e23d168ffa70f0be9ccfd32b5cc2d26a34ae5b844552d"},
    {file = "mypy_extensions-1.0.0.tar.gz", hash = "sha256:75dbf8955dc00442a438fc4d0666508a9a97b6bd41aa2f0ffe9d2f2725af0782"},
]

[[package]]
name = "pyhumps"
version = "3.8.0"
summary = "🐫  Convert strings (and dictionary keys) between snake case, camel case and pascal case in Python. Inspired by Humps for Node"
groups = ["default"]
files = [
    {file = "pyhumps-3.8.0-py3-none-any.whl", hash = "sha256:060e1954d9069f428232a1adda165db0b9d8dfdce1d265d36df7fbff540acfd6"},
    {file = "pyhumps-3.8.0.tar.gz", hash = "sha256:498026258f7ee1a8e447c2e28526c0bea9407f9a59c03260aee4bd6c04d681a3"},
]

[[package]]
name = "ruff"
version = "0.3.3"
requires_python = ">=3.7"
summary = "An extremely fast Python linter and code formatter, written in Rust."
groups = ["check"]
files = [
    {file = "ruff-0.3.3-py3-none-macosx_10_12_x86_64.macosx_11_0_arm64.macosx_10_12_universal2.whl", hash = "sha256:973a0e388b7bc2e9148c7f9be8b8c6ae7471b9be37e1cc732f8f44a6f6d7720d"},
    {file = "ruff-0.3.3-py3-none-macosx_10_12_x86_64.whl", hash = "sha256:cfa60d23269d6e2031129b053fdb4e5a7b0637fc6c9c0586737b962b2f834493"},
    {file = "ruff-0.3.3-py3-none-manylinux_2_17_aarch64.manylinux2014_aarch64.whl", hash = "sha256:1eca7ff7a47043cf6ce5c7f45f603b09121a7cc047447744b029d1b719278eb5"},
    {file = "ruff-0.3.3-py3-none-manylinux_2_17_armv7l.manylinux2014_armv7l.whl", hash = "sha256:e7d3f6762217c1da954de24b4a1a70515630d29f71e268ec5000afe81377642d"},
    {file = "ruff-0.3.3-py3-none-manylinux_2_17_i686.manylinux2014_i686.whl", hash = "sha256:b24c19e8598916d9c6f5a5437671f55ee93c212a2c4c569605dc3842b6820386"},
    {file = "ruff-0.3.3-py3-none-manylinux_2_17_ppc64.manylinux2014_ppc64.whl", hash = "sha256:5a6cbf216b69c7090f0fe4669501a27326c34e119068c1494f35aaf4cc683778"},
    {file = "ruff-0.3.3-py3-none-manylinux_2_17_ppc64le.manylinux2014_ppc64le.whl", hash = "sha256:352e95ead6964974b234e16ba8a66dad102ec7bf8ac064a23f95371d8b198aab"},
    {file = "ruff-0.3.3-py3-none-manylinux_2_17_s390x.manylinux2014_s390x.whl", hash = "sha256:8d6ab88c81c4040a817aa432484e838aaddf8bfd7ca70e4e615482757acb64f8"},
    {file = "ruff-0.3.3-py3-none-manylinux_2_17_x86_64.manylinux2014_x86_64.whl", hash = "sha256:79bca3a03a759cc773fca69e0bdeac8abd1c13c31b798d5bb3c9da4a03144a9f"},
    {file = "ruff-0.3.3-py3-none-musllinux_1_2_aarch64.whl", hash = "sha256:2700a804d5336bcffe063fd789ca2c7b02b552d2e323a336700abb8ae9e6a3f8"},
    {file = "ruff-0.3.3-py3-none-musllinux_1_2_armv7l.whl", hash = "sha256:fd66469f1a18fdb9d32e22b79f486223052ddf057dc56dea0caaf1a47bdfaf4e"},
    {file = "ruff-0.3.3-py3-none-musllinux_1_2_i686.whl", hash = "sha256:45817af234605525cdf6317005923bf532514e1ea3d9270acf61ca2440691376"},
    {file = "ruff-0.3.3-py3-none-musllinux_1_2_x86_64.whl", hash = "sha256:0da458989ce0159555ef224d5b7c24d3d2e4bf4c300b85467b08c3261c6bc6a8"},
    {file = "ruff-0.3.3-py3-none-win32.whl", hash = "sha256:f2831ec6a580a97f1ea82ea1eda0401c3cdf512cf2045fa3c85e8ef109e87de0"},
    {file = "ruff-0.3.3-py3-none-win_amd64.whl", hash = "sha256:be90bcae57c24d9f9d023b12d627e958eb55f595428bafcb7fec0791ad25ddfc"},
    {file = "ruff-0.3.3-py3-none-win_arm64.whl", hash = "sha256:0171aab5fecdc54383993389710a3d1227f2da124d76a2784a7098e818f92d61"},
    {file = "ruff-0.3.3.tar.gz", hash = "sha256:38671be06f57a2f8aba957d9f701ea889aa5736be806f18c0cd03d6ff0cbca8d"},
]

[[package]]
name = "typing-extensions"
version = "4.10.0"
requires_python = ">=3.8"
summary = "Backported and Experimental Type Hints for Python 3.8+"
groups = ["check"]
files = [
    {file = "typing_extensions-4.10.0-py3-none-any.whl", hash = "sha256:69b1a937c3a517342112fb4c6df7e72fc39a38e7891a5730ed4985b5214b5475"},
    {file = "typing_extensions-4.10.0.tar.gz", hash = "sha256:b0abd7c89e8fb96f98db18d86106ff1d90ab692004eb746cf6eda2682f91b3cb"},
]
