# This file is @generated by PDM.
# It is not intended for manual editing.

[metadata]
groups = ["default", "lint"]
strategy = ["cross_platform", "inherit_metadata"]
lock_version = "4.4.1"
content_hash = "sha256:3913bd4ed22c42169a3cff82c100a346ffb25b47a5360639a116b51aa9f26774"

[[package]]
name = "ruff"
version = "0.3.3"
requires_python = ">=3.7"
summary = "An extremely fast Python linter and code formatter, written in Rust."
groups = ["lint"]
files = [
    {file = "ruff-0.3.3-py3-none-macosx_10_12_x86_64.macosx_11_0_arm64.macosx_10_12_universal2.whl", hash = "sha256:973a0e388b7bc2e9148c7f9be8b8c6ae7471b9be37e1cc732f8f44a6f6d7720d"},
    {file = "ruff-0.3.3-py3-none-macosx_10_12_x86_64.whl", hash = "sha256:cfa60d23269d6e2031129b053fdb4e5a7b0637fc6c9c0586737b962b2f834493"},
    {file = "ruff-0.3.3-py3-none-manylinux_2_17_aarch64.manylinux2014_aarch64.whl", hash = "sha256:1eca7ff7a47043cf6ce5c7f45f603b09121a7cc047447744b029d1b719278eb5"},
    {file = "ruff-0.3.3-py3-none-manylinux_2_17_armv7l.manylinux2014_armv7l.whl", hash = "sha256:e7d3f6762217c1da954de24b4a1a70515630d29f71e268ec5000afe81377642d"},
    {file = "ruff-0.3.3-py3-none-manylinux_2_17_i686.manylinux2014_i686.whl", hash = "sha256:b24c19e8598916d9c6f5a5437671f55ee93c212a2c4c569605dc3842b6820386"},
    {file = "ruff-0.3.3-py3-none-manylinux_2_17_ppc64.manylinux2014_ppc64.whl", hash = "sha256:5a6cbf216b69c7090f0fe4669501a27326c34e119068c1494f35aaf4cc683778"},
    {file = "ruff-0.3.3-py3-none-manylinux_2_17_ppc64le.manylinux2014_ppc64le.whl", hash = "sha256:352e95ead6964974b234e16ba8a66dad102ec7bf8ac064a23f95371d8b198aab"},
    {file = "ruff-0.3.3-py3-none-manylinux_2_17_s390x.manylinux2014_s390x.whl", hash = "sha256:8d6ab88c81c4040a817aa432484e838aaddf8bfd7ca70e4e615482757acb64f8"},
    {file = "ruff-0.3.3-py3-none-manylinux_2_17_x86_64.manylinux2014_x86_64.whl", hash = "sha256:79bca3a03a759cc773fca69e0bdeac8abd1c13c31b798d5bb3c9da4a03144a9f"},
    {file = "ruff-0.3.3-py3-none-musllinux_1_2_aarch64.whl", hash = "sha256:2700a804d5336bcffe063fd789ca2c7b02b552d2e323a336700abb8ae9e6a3f8"},
    {file = "ruff-0.3.3-py3-none-musllinux_1_2_armv7l.whl", hash = "sha256:fd66469f1a18fdb9d32e22b79f486223052ddf057dc56dea0caaf1a47bdfaf4e"},
    {file = "ruff-0.3.3-py3-none-musllinux_1_2_i686.whl", hash = "sha256:45817af234605525cdf6317005923bf532514e1ea3d9270acf61ca2440691376"},
    {file = "ruff-0.3.3-py3-none-musllinux_1_2_x86_64.whl", hash = "sha256:0da458989ce0159555ef224d5b7c24d3d2e4bf4c300b85467b08c3261c6bc6a8"},
    {file = "ruff-0.3.3-py3-none-win32.whl", hash = "sha256:f2831ec6a580a97f1ea82ea1eda0401c3cdf512cf2045fa3c85e8ef109e87de0"},
    {file = "ruff-0.3.3-py3-none-win_amd64.whl", hash = "sha256:be90bcae57c24d9f9d023b12d627e958eb55f595428bafcb7fec0791ad25ddfc"},
    {file = "ruff-0.3.3-py3-none-win_arm64.whl", hash = "sha256:0171aab5fecdc54383993389710a3d1227f2da124d76a2784a7098e818f92d61"},
    {file = "ruff-0.3.3.tar.gz", hash = "sha256:38671be06f57a2f8aba957d9f701ea889aa5736be806f18c0cd03d6ff0cbca8d"},
]
